{
  "name": "docker-automate-sample",
  "version": "1.0.0",
  "lockfileVersion": 1,
  "requires": true,
  "dependencies": {
    "@types/node": {
      "version": "13.9.5",
      "resolved": "https://registry.npm.taobao.org/@types/node/download/@types/node-13.9.5.tgz?cache=0&sync_timestamp=1585327645016&other_urls=https%3A%2F%2Fregistry.npm.taobao.org%2F%40types%2Fnode%2Fdownload%2F%40types%2Fnode-13.9.5.tgz",
      "integrity": "sha1-WXOL8wsxrqH6ot9/Sl9VYTdQzwA=",
      "dev": true
    }
  }
}
